
Microsoft Visual Studio Solution File, Format Version 12.00
# Visual Studio 15
Project("{FAE04EC0-301F-11D3-BF4B-00C04F79EFBC}") = "Assembly-CSharp", "Assembly-CSharp.csproj", "{17869291-7882-8754-FBF0-16D44E8AF280}"
EndProject
Project("{FAE04EC0-301F-11D3-BF4B-00C04F79EFBC}") = "Assembly-CSharp-Editor", "Assembly-CSharp-Editor.csproj", "{A0EB9F3C-DD01-F656-0DC4-5B8AB734B3C4}"
EndProject
Global
	GlobalSection(SolutionConfigurationPlatforms) = preSolution
		Debug|Any CPU = Debug|Any CPU
		Release|Any CPU = Release|Any CPU
	EndGlobalSection
	GlobalSection(ProjectConfigurationPlatforms) = postSolution
		{17869291-7882-8754-FBF0-16D44E8AF280}.Debug|Any CPU.ActiveCfg = Debug|Any CPU
		{17869291-7882-8754-FBF0-16D44E8AF280}.Debug|Any CPU.Build.0 = Debug|Any CPU
		{17869291-7882-8754-FBF0-16D44E8AF280}.Release|Any CPU.ActiveCfg = Release|Any CPU
		{17869291-7882-8754-FBF0-16D44E8AF280}.Release|Any CPU.Build.0 = Release|Any CPU
		{A0EB9F3C-DD01-F656-0DC4-5B8AB734B3C4}.Debug|Any CPU.ActiveCfg = Debug|Any CPU
		{A0EB9F3C-DD01-F656-0DC4-5B8AB734B3C4}.Debug|Any CPU.Build.0 = Debug|Any CPU
		{A0EB9F3C-DD01-F656-0DC4-5B8AB734B3C4}.Release|Any CPU.ActiveCfg = Release|Any CPU
		{A0EB9F3C-DD01-F656-0DC4-5B8AB734B3C4}.Release|Any CPU.Build.0 = Release|Any CPU
	EndGlobalSection
	GlobalSection(SolutionProperties) = preSolution
		HideSolutionNode = FALSE
	EndGlobalSection
	GlobalSection(MonoDevelopProperties) = preSolution
		StartupItem = Assembly-CSharp.csproj
	EndGlobalSection
EndGlobal
